github.com/antlr/antlr4 v0.0.0-20190518164840-edae2a1c9b4b h1:IyTcB1l64U991qSZ0ufqiJv9GVEOUBiSPwsObDm7+cc=
github.com/antlr/antlr4 v0.0.0-20190518164840-edae2a1c9b4b/go.mod h1:T7PbCXFs94rrTttyxjbyT5+/1V8T2TYDejxUfHJjw1Y=
github.com/djhaskin987/MTN v0.0.0-20190406173444-e2e90dd4458e h1:UccUxETeqR5SYVqktkhO6GwdX3yL4tjfzUPckbtL3JM=
